
Microsoft Visual Studio Solution File, Format Version 11.00
# Visual Studio 2010
Project("{FAE04EC0-301F-11D3-BF4B-00C04F79EFBC}") = "Assembly-CSharp", "Assembly-CSharp.csproj", "{C5277B30-D1B9-FF85-9541-59B464159303}"
EndProject
Project("{FAE04EC0-301F-11D3-BF4B-00C04F79EFBC}") = "Assembly-CSharp-firstpass", "Assembly-CSharp-firstpass.csproj", "{2576E1A2-00FD-1E07-C87E-447325CF19E6}"
EndProject
Project("{FAE04EC0-301F-11D3-BF4B-00C04F79EFBC}") = "Assembly-CSharp-Editor", "Assembly-CSharp-Editor.csproj", "{55753669-6DF2-C95A-DDE6-EB9A7E795631}"
EndProject
Project("{FAE04EC0-301F-11D3-BF4B-00C04F79EFBC}") = "Assembly-CSharp-Editor-firstpass", "Assembly-CSharp-Editor-firstpass.csproj", "{78EF2C83-9AE6-026C-96A6-CF00D3568606}"
EndProject
Global
	GlobalSection(SolutionConfigurationPlatforms) = preSolution
		Debug|Any CPU = Debug|Any CPU
		Release|Any CPU = Release|Any CPU
	EndGlobalSection
	GlobalSection(ProjectConfigurationPlatforms) = postSolution
		{C5277B30-D1B9-FF85-9541-59B464159303}.Debug|Any CPU.ActiveCfg = Debug|Any CPU
		{C5277B30-D1B9-FF85-9541-59B464159303}.Debug|Any CPU.Build.0 = Debug|Any CPU
		{C5277B30-D1B9-FF85-9541-59B464159303}.Release|Any CPU.ActiveCfg = Release|Any CPU
		{C5277B30-D1B9-FF85-9541-59B464159303}.Release|Any CPU.Build.0 = Release|Any CPU
		{2576E1A2-00FD-1E07-C87E-447325CF19E6}.Debug|Any CPU.ActiveCfg = Debug|Any CPU
		{2576E1A2-00FD-1E07-C87E-447325CF19E6}.Debug|Any CPU.Build.0 = Debug|Any CPU
		{2576E1A2-00FD-1E07-C87E-447325CF19E6}.Release|Any CPU.ActiveCfg = Release|Any CPU
		{2576E1A2-00FD-1E07-C87E-447325CF19E6}.Release|Any CPU.Build.0 = Release|Any CPU
		{55753669-6DF2-C95A-DDE6-EB9A7E795631}.Debug|Any CPU.ActiveCfg = Debug|Any CPU
		{55753669-6DF2-C95A-DDE6-EB9A7E795631}.Debug|Any CPU.Build.0 = Debug|Any CPU
		{55753669-6DF2-C95A-DDE6-EB9A7E795631}.Release|Any CPU.ActiveCfg = Release|Any CPU
		{55753669-6DF2-C95A-DDE6-EB9A7E795631}.Release|Any CPU.Build.0 = Release|Any CPU
		{78EF2C83-9AE6-026C-96A6-CF00D3568606}.Debug|Any CPU.ActiveCfg = Debug|Any CPU
		{78EF2C83-9AE6-026C-96A6-CF00D3568606}.Debug|Any CPU.Build.0 = Debug|Any CPU
		{78EF2C83-9AE6-026C-96A6-CF00D3568606}.Release|Any CPU.ActiveCfg = Release|Any CPU
		{78EF2C83-9AE6-026C-96A6-CF00D3568606}.Release|Any CPU.Build.0 = Release|Any CPU
	EndGlobalSection
	GlobalSection(SolutionProperties) = preSolution
		HideSolutionNode = FALSE
	EndGlobalSection
	GlobalSection(MonoDevelopProperties) = preSolution
		StartupItem = Assembly-CSharp.csproj
	EndGlobalSection
EndGlobal
